
Microsoft Visual Studio Solution File, Format Version 12.00
# Visual Studio Version 17
VisualStudioVersion = 17.6.33829.357
MinimumVisualStudioVersion = 10.0.40219.1
Project("{9A19103F-16F7-4668-BE54-9A1E7A4F7556}") = "Todol", "Todol\Todol.csproj", "{A3AE26A5-1D15-455B-844D-4FED8FC21185}"
EndProject
Global
	GlobalSection(SolutionConfigurationPlatforms) = preSolution
		Debug|Any CPU = Debug|Any CPU
		Release|Any CPU = Release|Any CPU
	EndGlobalSection
	GlobalSection(ProjectConfigurationPlatforms) = postSolution
		{A3AE26A5-1D15-455B-844D-4FED8FC21185}.Debug|Any CPU.ActiveCfg = Debug|Any CPU
		{A3AE26A5-1D15-455B-844D-4FED8FC21185}.Debug|Any CPU.Build.0 = Debug|Any CPU
		{A3AE26A5-1D15-455B-844D-4FED8FC21185}.Release|Any CPU.ActiveCfg = Release|Any CPU
		{A3AE26A5-1D15-455B-844D-4FED8FC21185}.Release|Any CPU.Build.0 = Release|Any CPU
	EndGlobalSection
	GlobalSection(SolutionProperties) = preSolution
		HideSolutionNode = FALSE
	EndGlobalSection
	GlobalSection(ExtensibilityGlobals) = postSolution
		SolutionGuid = {7F291019-8960-4F9E-AE61-A918A8B3CD7A}
	EndGlobalSection
EndGlobal
